
Microsoft Visual Studio Solution File, Format Version 12.00
# Visual Studio Version 17
VisualStudioVersion = 17.10.35027.167
MinimumVisualStudioVersion = 10.0.40219.1
Project("{FAE04EC0-301F-11D3-BF4B-00C04F79EFBC}") = "DobaiRobertMattias.MathGame", "DobaiRobertMattias.MathGame\DobaiRobertMattias.MathGame.csproj", "{1458FBC9-22B1-407B-9806-AC4CF3D42C54}"
EndProject
Global
	GlobalSection(SolutionConfigurationPlatforms) = preSolution
		Debug|Any CPU = Debug|Any CPU
		Release|Any CPU = Release|Any CPU
	EndGlobalSection
	GlobalSection(ProjectConfigurationPlatforms) = postSolution
		{1458FBC9-22B1-407B-9806-AC4CF3D42C54}.Debug|Any CPU.ActiveCfg = Debug|Any CPU
		{1458FBC9-22B1-407B-9806-AC4CF3D42C54}.Debug|Any CPU.Build.0 = Debug|Any CPU
		{1458FBC9-22B1-407B-9806-AC4CF3D42C54}.Release|Any CPU.ActiveCfg = Release|Any CPU
		{1458FBC9-22B1-407B-9806-AC4CF3D42C54}.Release|Any CPU.Build.0 = Release|Any CPU
	EndGlobalSection
	GlobalSection(SolutionProperties) = preSolution
		HideSolutionNode = FALSE
	EndGlobalSection
	GlobalSection(ExtensibilityGlobals) = postSolution
		SolutionGuid = {AB768D51-98A8-448B-AD70-9407376E973F}
	EndGlobalSection
EndGlobal
